<?xml version="1.0" encoding="utf-8"?>
<Project ToolsVersion="4.0" xmlns="http://schemas.microsoft.com/developer/msbuild/2003">
  <ItemGroup>
    <CudaCompile Include="kernel.cu" />
    <CudaCompile Include="neuron_operations.cu">
      <Filter>Cuda\Inference</Filter>
    </CudaCompile>
    <CudaCompile Include="DenseConnections.cpp">
      <Filter>Connections</Filter>
    </CudaCompile>
    <CudaCompile Include="linear_functions.cu">
      <Filter>Cuda\Inference</Filter>
    </CudaCompile>
    <CudaCompile Include="NeuronLayer.cpp">
      <Filter>Layers\Blocks</Filter>
    </CudaCompile>
    <CudaCompile Include="derivatives.cu">
      <Filter>Cuda\Training</Filter>
    </CudaCompile>
    <CudaCompile Include="gradients.cu">
      <Filter>Cuda\Training</Filter>
    </CudaCompile>
    <CudaCompile Include="connection_gradients.cu">
      <Filter>Cuda\Training\Connections</Filter>
    </CudaCompile>
    <CudaCompile Include="costs.cu">
      <Filter>Cuda\Training</Filter>
    </CudaCompile>
    <CudaCompile Include="LSTMLayer.cpp">
      <Filter>Layers\Blocks</Filter>
    </CudaCompile>
    <CudaCompile Include="NN.cpp" />
    <CudaCompile Include="ILayer.h">
      <Filter>Layers\Blocks</Filter>
    </CudaCompile>
  </ItemGroup>
  <ItemGroup>
    <ClCompile Include="IConnections.cpp">
      <Filter>Connections</Filter>
    </ClCompile>
    <ClCompile Include="ILayer.cpp">
      <Filter>Layers\Blocks</Filter>
    </ClCompile>
    <ClCompile Include="DenseNeuronLayer.cpp">
      <Filter>Layers</Filter>
    </ClCompile>
  </ItemGroup>
  <ItemGroup>
    <ClInclude Include="IConnections.h">
      <Filter>Connections</Filter>
    </ClInclude>
    <ClInclude Include="data_type.h">
      <Filter>Static</Filter>
    </ClInclude>
    <ClInclude Include="kernel_macros.h">
      <Filter>Static</Filter>
    </ClInclude>
    <ClInclude Include="LSTMLayer.h">
      <Filter>Layers\Blocks</Filter>
    </ClInclude>
    <ClInclude Include="NeuronLayer.h">
      <Filter>Layers\Blocks</Filter>
    </ClInclude>
    <ClInclude Include="DenseNeuronLayer.h">
      <Filter>Layers</Filter>
    </ClInclude>
    <ClInclude Include="DenseConnections.h">
      <Filter>Connections</Filter>
    </ClInclude>
    <ClInclude Include="NN.h" />
    <ClInclude Include="neuron_operations.cuh">
      <Filter>Cuda\Inference</Filter>
    </ClInclude>
    <ClInclude Include="linear_functions.cuh">
      <Filter>Cuda\Inference</Filter>
    </ClInclude>
    <ClInclude Include="derivatives.cuh">
      <Filter>Cuda\Training</Filter>
    </ClInclude>
    <ClInclude Include="gradients.cuh">
      <Filter>Cuda\Training</Filter>
    </ClInclude>
    <ClInclude Include="connection_gradients.cuh">
      <Filter>Cuda\Training\Connections</Filter>
    </ClInclude>
    <ClInclude Include="costs.cuh">
      <Filter>Cuda\Training</Filter>
    </ClInclude>
  </ItemGroup>
  <ItemGroup>
    <Filter Include="Connections">
      <UniqueIdentifier>{41e94927-f285-4d65-9648-5565179c354c}</UniqueIdentifier>
    </Filter>
    <Filter Include="Layers">
      <UniqueIdentifier>{01ffbe7e-86c8-47cb-ac17-28d0272a3230}</UniqueIdentifier>
    </Filter>
    <Filter Include="Layers\Blocks">
      <UniqueIdentifier>{1ff2b711-c907-49dc-9d0b-5c682007c95f}</UniqueIdentifier>
    </Filter>
    <Filter Include="Cuda">
      <UniqueIdentifier>{d0224a40-8c9c-4ffe-a103-8e223d2a7292}</UniqueIdentifier>
    </Filter>
    <Filter Include="Cuda\Inference">
      <UniqueIdentifier>{44e122ff-c845-40b3-86f3-5a7d2c901bfd}</UniqueIdentifier>
    </Filter>
    <Filter Include="Cuda\Training">
      <UniqueIdentifier>{a51d150b-7f9b-4348-8a70-feb0c466ad19}</UniqueIdentifier>
    </Filter>
    <Filter Include="Static">
      <UniqueIdentifier>{00817461-6bec-43a2-a2ba-feb330e9d067}</UniqueIdentifier>
    </Filter>
    <Filter Include="Cuda\Training\Connections">
      <UniqueIdentifier>{67b03a07-b722-4ef7-9de5-e3bbbf32d79b}</UniqueIdentifier>
    </Filter>
  </ItemGroup>
  <ItemGroup>
    <None Include="Todo.md" />
  </ItemGroup>
</Project>